# THIS IS AN AUTOGENERATED FILE. DO NOT EDIT THIS FILE DIRECTLY.
# yarn lockfile v1
bootstrap-grid-light:
  version "1.1.0"
  resolved "https://registry.yarnpkg.com/bootstrap-grid-light/-/bootstrap-grid-light-1.1.0.tgz#00a3a357b77fd5aebf3b5c1b6574509047c86dbe"

normalize.css:
  version "5.0.0"
  resolved "https://registry.yarnpkg.com/normalize.css/-/normalize.css-5.0.0.tgz#7cec875ce8178a5333c4de80b68ea9c18b9d7c37"

